
Microsoft Visual Studio Solution File, Format Version 12.00
# Visual Studio Version 17
VisualStudioVersion = 17.1.32328.378
MinimumVisualStudioVersion = 10.0.40219.1
Project("{FAE04EC0-301F-11D3-BF4B-00C04F79EFBC}") = "lib", "lib\lib.csproj", "{CE6F2E72-FAD6-4170-B550-B0843CC00E24}"
EndProject
Global
	GlobalSection(SolutionConfigurationPlatforms) = preSolution
		Debug|Any CPU = Debug|Any CPU
		Release|Any CPU = Release|Any CPU
	EndGlobalSection
	GlobalSection(ProjectConfigurationPlatforms) = postSolution
		{CE6F2E72-FAD6-4170-B550-B0843CC00E24}.Debug|Any CPU.ActiveCfg = Debug|Any CPU
		{CE6F2E72-FAD6-4170-B550-B0843CC00E24}.Debug|Any CPU.Build.0 = Debug|Any CPU
		{CE6F2E72-FAD6-4170-B550-B0843CC00E24}.Release|Any CPU.ActiveCfg = Release|Any CPU
		{CE6F2E72-FAD6-4170-B550-B0843CC00E24}.Release|Any CPU.Build.0 = Release|Any CPU
	EndGlobalSection
	GlobalSection(SolutionProperties) = preSolution
		HideSolutionNode = FALSE
	EndGlobalSection
	GlobalSection(ExtensibilityGlobals) = postSolution
		SolutionGuid = {54B3BE71-1BD1-4677-96BA-01D0315F1F39}
	EndGlobalSection
EndGlobal
