
Microsoft Visual Studio Solution File, Format Version 12.00
# Visual Studio Version 17
VisualStudioVersion = 17.1.32328.378
MinimumVisualStudioVersion = 10.0.40219.1
Project("{FAE04EC0-301F-11D3-BF4B-00C04F79EFBC}") = "client", "client\client.csproj", "{7B0A7CFE-3BE4-4081-B80D-40CF7298146D}"
EndProject
Project("{FAE04EC0-301F-11D3-BF4B-00C04F79EFBC}") = "server", "server\server.csproj", "{EA8CAFAA-E880-4C9A-AA7D-34A97E247123}"
EndProject
Project("{FAE04EC0-301F-11D3-BF4B-00C04F79EFBC}") = "lib", "lib\lib.csproj", "{F01D9F2E-333D-4740-9FD0-5D24504C8B6B}"
EndProject
Global
	GlobalSection(SolutionConfigurationPlatforms) = preSolution
		Debug|Any CPU = Debug|Any CPU
		Release|Any CPU = Release|Any CPU
	EndGlobalSection
	GlobalSection(ProjectConfigurationPlatforms) = postSolution
		{7B0A7CFE-3BE4-4081-B80D-40CF7298146D}.Debug|Any CPU.ActiveCfg = Debug|Any CPU
		{7B0A7CFE-3BE4-4081-B80D-40CF7298146D}.Debug|Any CPU.Build.0 = Debug|Any CPU
		{7B0A7CFE-3BE4-4081-B80D-40CF7298146D}.Release|Any CPU.ActiveCfg = Release|Any CPU
		{7B0A7CFE-3BE4-4081-B80D-40CF7298146D}.Release|Any CPU.Build.0 = Release|Any CPU
		{EA8CAFAA-E880-4C9A-AA7D-34A97E247123}.Debug|Any CPU.ActiveCfg = Debug|Any CPU
		{EA8CAFAA-E880-4C9A-AA7D-34A97E247123}.Debug|Any CPU.Build.0 = Debug|Any CPU
		{EA8CAFAA-E880-4C9A-AA7D-34A97E247123}.Release|Any CPU.ActiveCfg = Release|Any CPU
		{EA8CAFAA-E880-4C9A-AA7D-34A97E247123}.Release|Any CPU.Build.0 = Release|Any CPU
		{F01D9F2E-333D-4740-9FD0-5D24504C8B6B}.Debug|Any CPU.ActiveCfg = Debug|Any CPU
		{F01D9F2E-333D-4740-9FD0-5D24504C8B6B}.Debug|Any CPU.Build.0 = Debug|Any CPU
		{F01D9F2E-333D-4740-9FD0-5D24504C8B6B}.Release|Any CPU.ActiveCfg = Release|Any CPU
		{F01D9F2E-333D-4740-9FD0-5D24504C8B6B}.Release|Any CPU.Build.0 = Release|Any CPU
	EndGlobalSection
	GlobalSection(SolutionProperties) = preSolution
		HideSolutionNode = FALSE
	EndGlobalSection
	GlobalSection(ExtensibilityGlobals) = postSolution
		SolutionGuid = {54B3BE71-1BD1-4677-96BA-01D0315F1F39}
	EndGlobalSection
EndGlobal
